
Microsoft Visual Studio Solution File, Format Version 12.00
# Visual Studio Version 16
VisualStudioVersion = 16.0.30717.126
MinimumVisualStudioVersion = 10.0.40219.1
Project("{FAE04EC0-301F-11D3-BF4B-00C04F79EFBC}") = "Simpele Rekenmachine", "Simpele Rekenmachine.csproj", "{71A90B1F-1106-4956-A766-1EEC0968B3FF}"
EndProject
Global
	GlobalSection(SolutionConfigurationPlatforms) = preSolution
		Debug|Any CPU = Debug|Any CPU
		Release|Any CPU = Release|Any CPU
	EndGlobalSection
	GlobalSection(ProjectConfigurationPlatforms) = postSolution
		{71A90B1F-1106-4956-A766-1EEC0968B3FF}.Debug|Any CPU.ActiveCfg = Debug|Any CPU
		{71A90B1F-1106-4956-A766-1EEC0968B3FF}.Debug|Any CPU.Build.0 = Debug|Any CPU
		{71A90B1F-1106-4956-A766-1EEC0968B3FF}.Release|Any CPU.ActiveCfg = Release|Any CPU
		{71A90B1F-1106-4956-A766-1EEC0968B3FF}.Release|Any CPU.Build.0 = Release|Any CPU
	EndGlobalSection
	GlobalSection(SolutionProperties) = preSolution
		HideSolutionNode = FALSE
	EndGlobalSection
	GlobalSection(ExtensibilityGlobals) = postSolution
		SolutionGuid = {696C20B6-E61F-44C4-B4AC-8CC3D7CB11FD}
	EndGlobalSection
EndGlobal
